
Microsoft Visual Studio Solution File, Format Version 12.00
Project("{FAE04EC0-301F-11D3-BF4B-00C04F79EFBC}") = "Course", "Course\Course.csproj", "{96AD7855-372B-4AB2-812B-01A10452AE44}"
EndProject
Global
	GlobalSection(SolutionConfigurationPlatforms) = preSolution
		Debug|Any CPU = Debug|Any CPU
		Release|Any CPU = Release|Any CPU
	EndGlobalSection
	GlobalSection(ProjectConfigurationPlatforms) = postSolution
		{96AD7855-372B-4AB2-812B-01A10452AE44}.Debug|Any CPU.ActiveCfg = Debug|Any CPU
		{96AD7855-372B-4AB2-812B-01A10452AE44}.Debug|Any CPU.Build.0 = Debug|Any CPU
		{96AD7855-372B-4AB2-812B-01A10452AE44}.Release|Any CPU.ActiveCfg = Release|Any CPU
		{96AD7855-372B-4AB2-812B-01A10452AE44}.Release|Any CPU.Build.0 = Release|Any CPU
	EndGlobalSection
EndGlobal
